"1","ACTIVO","13673665142.84",".0000"
"1.5","INVERSIONES EN EL FCI","13673665142.84",".0000"
"1.5.1","INVERSIONES EN EL FCI","13673665142.84",".0000"
"1.5.1.01","INVERSIONES EN EL FCI","13673665142.84",".0000"
"1.5.1.01.1","INVERSIONES EN EL FCI","13673665142.84",".0000"
"1.5.1.01.1.01","Inversiones en el FCI","13673665142.84",".0000"
"2","PASIVO","13673665142.84",".0000"
"2.1","CUENTAS POR PAGAR",".00",".0000"
"2.1.5","BENEFICIOS * PAG.CTA.BAS.PREV.",".00",".0000"
"2.1.5.05","BENEFICIOS * PAG.CTA.BAS.PREV.",".00",".0000"
"2.1.5.05.1","BENEFICIOS * PAG.CTA.BAS.PREV.",".00",".0000"
"2.1.5.05.1.01","Beneficios * Pag.Cta.Bás.Prev.",".00",".0000"
"2.2","BENEFICIOS CUENTA BASICA PREV.","13673665142.84",".0000"
"2.2.1","BENEFICIOS CUENTA BASICA PREV.","13673665142.84",".0000"
"2.2.1.01","BENEFICIOS CUENTA BASICA PREV.","13673665142.84",".0000"
"2.2.1.01.1","BENEFICIOS CUENTA BASICA PREV.","13673665142.84",".0000"
"2.2.1.01.1.01","Beneficios Cuenta.Básica Prev.","13673665142.84",".0000"
